
Microsoft Visual Studio Solution File, Format Version 12.00
# Visual Studio Version 17
VisualStudioVersion = 17.7.34009.444
MinimumVisualStudioVersion = 10.0.40219.1
Project("{FAE04EC0-301F-11D3-BF4B-00C04F79EFBC}") = "CRUD", "CRUD.csproj", "{C6DC82C6-EB69-44FA-8963-C79809C5E259}"
EndProject
Global
	GlobalSection(SolutionConfigurationPlatforms) = preSolution
		Debug|Any CPU = Debug|Any CPU
		Release|Any CPU = Release|Any CPU
	EndGlobalSection
	GlobalSection(ProjectConfigurationPlatforms) = postSolution
		{C6DC82C6-EB69-44FA-8963-C79809C5E259}.Debug|Any CPU.ActiveCfg = Debug|Any CPU
		{C6DC82C6-EB69-44FA-8963-C79809C5E259}.Debug|Any CPU.Build.0 = Debug|Any CPU
		{C6DC82C6-EB69-44FA-8963-C79809C5E259}.Release|Any CPU.ActiveCfg = Release|Any CPU
		{C6DC82C6-EB69-44FA-8963-C79809C5E259}.Release|Any CPU.Build.0 = Release|Any CPU
	EndGlobalSection
	GlobalSection(SolutionProperties) = preSolution
		HideSolutionNode = FALSE
	EndGlobalSection
	GlobalSection(ExtensibilityGlobals) = postSolution
		SolutionGuid = {223A78F1-2045-4B57-B3CE-06AFCA45CB64}
	EndGlobalSection
EndGlobal
